// !$*UTF8*$!
{
	archiveVersion = 1;
	classes = {
	};
	objectVersion = 46;
	objects = {

/* Begin PBXBuildFile section */
		0F3AD7531D9A29C4002972B8 /* AppDelegate.swift in Sources */ = {isa = PBXBuildFile; fileRef = 0F3AD7521D9A29C4002972B8 /* AppDelegate.swift */; };
		0F3AD7581D9A29C4002972B8 /* Main.storyboard in Resources */ = {isa = PBXBuildFile; fileRef = 0F3AD7561D9A29C4002972B8 /* Main.storyboard */; };
		0F3AD75A1D9A29C5002972B8 /* Assets.xcassets in Resources */ = {isa = PBXBuildFile; fileRef = 0F3AD7591D9A29C5002972B8 /* Assets.xcassets */; };
		0F3AD75D1D9A29C5002972B8 /* LaunchScreen.storyboard in Resources */ = {isa = PBXBuildFile; fileRef = 0F3AD75B1D9A29C5002972B8 /* LaunchScreen.storyboard */; };
		0F3AD7681D9B2481002972B8 /* CreateCircuitViewController.swift in Sources */ = {isa = PBXBuildFile; fileRef = 0F3AD7671D9B2481002972B8 /* CreateCircuitViewController.swift */; };
		0F3AD76D1D9B2AA2002972B8 /* CircuitCollectionViewCell.swift in Sources */ = {isa = PBXBuildFile; fileRef = 0F3AD76C1D9B2AA2002972B8 /* CircuitCollectionViewCell.swift */; };
		0F3AD7701D9B3CB3002972B8 /* CircuitObject.swift in Sources */ = {isa = PBXBuildFile; fileRef = 0F3AD76F1D9B3CB3002972B8 /* CircuitObject.swift */; };
		0F3AD7751DA45D0F002972B8 /* Constants.swift in Sources */ = {isa = PBXBuildFile; fileRef = 0F3AD7741DA45D0F002972B8 /* Constants.swift */; };
		0F7072441DA725A1007B1ECA /* SavedWorkoutsViewController.swift in Sources */ = {isa = PBXBuildFile; fileRef = 0F7072431DA725A1007B1ECA /* SavedWorkoutsViewController.swift */; };
		0F7072461DA86A88007B1ECA /* SavedWorkoutsNavigationController.swift in Sources */ = {isa = PBXBuildFile; fileRef = 0F7072451DA86A88007B1ECA /* SavedWorkoutsNavigationController.swift */; };
		0F7072491DAC3EDF007B1ECA /* Timer screen.storyboard in Resources */ = {isa = PBXBuildFile; fileRef = 0F7072481DAC3EDF007B1ECA /* Timer screen.storyboard */; };
/* End PBXBuildFile section */

/* Begin PBXFileReference section */
		0F3AD74F1D9A29C4002972B8 /* circFit.app */ = {isa = PBXFileReference; explicitFileType = wrapper.application; includeInIndex = 0; path = circFit.app; sourceTree = BUILT_PRODUCTS_DIR; };
		0F3AD7521D9A29C4002972B8 /* AppDelegate.swift */ = {isa = PBXFileReference; lastKnownFileType = sourcecode.swift; path = AppDelegate.swift; sourceTree = "<group>"; };
		0F3AD7571D9A29C4002972B8 /* Base */ = {isa = PBXFileReference; lastKnownFileType = file.storyboard; name = Base; path = Base.lproj/Main.storyboard; sourceTree = "<group>"; };
		0F3AD7591D9A29C5002972B8 /* Assets.xcassets */ = {isa = PBXFileReference; lastKnownFileType = folder.assetcatalog; path = Assets.xcassets; sourceTree = "<group>"; };
		0F3AD75C1D9A29C5002972B8 /* Base */ = {isa = PBXFileReference; lastKnownFileType = file.storyboard; name = Base; path = Base.lproj/LaunchScreen.storyboard; sourceTree = "<group>"; };
		0F3AD75E1D9A29C5002972B8 /* Info.plist */ = {isa = PBXFileReference; lastKnownFileType = text.plist.xml; path = Info.plist; sourceTree = "<group>"; };
		0F3AD7671D9B2481002972B8 /* CreateCircuitViewController.swift */ = {isa = PBXFileReference; fileEncoding = 4; lastKnownFileType = sourcecode.swift; path = CreateCircuitViewController.swift; sourceTree = "<group>"; };
		0F3AD76C1D9B2AA2002972B8 /* CircuitCollectionViewCell.swift */ = {isa = PBXFileReference; fileEncoding = 4; lastKnownFileType = sourcecode.swift; path = CircuitCollectionViewCell.swift; sourceTree = "<group>"; };
		0F3AD76F1D9B3CB3002972B8 /* CircuitObject.swift */ = {isa = PBXFileReference; fileEncoding = 4; lastKnownFileType = sourcecode.swift; path = CircuitObject.swift; sourceTree = "<group>"; };
		0F3AD7741DA45D0F002972B8 /* Constants.swift */ = {isa = PBXFileReference; fileEncoding = 4; lastKnownFileType = sourcecode.swift; path = Constants.swift; sourceTree = "<group>"; };
		0F7072431DA725A1007B1ECA /* SavedWorkoutsViewController.swift */ = {isa = PBXFileReference; fileEncoding = 4; lastKnownFileType = sourcecode.swift; path = SavedWorkoutsViewController.swift; sourceTree = "<group>"; };
		0F7072451DA86A88007B1ECA /* SavedWorkoutsNavigationController.swift */ = {isa = PBXFileReference; fileEncoding = 4; lastKnownFileType = sourcecode.swift; path = SavedWorkoutsNavigationController.swift; sourceTree = "<group>"; };
		0F7072481DAC3EDF007B1ECA /* Timer screen.storyboard */ = {isa = PBXFileReference; fileEncoding = 4; lastKnownFileType = file.storyboard; path = "Timer screen.storyboard"; sourceTree = "<group>"; };
/* End PBXFileReference section */

/* Begin PBXFrameworksBuildPhase section */
		0F3AD74C1D9A29C4002972B8 /* Frameworks */ = {
			isa = PBXFrameworksBuildPhase;
			buildActionMask = 2147483647;
			files = (
			);
			runOnlyForDeploymentPostprocessing = 0;
		};
/* End PBXFrameworksBuildPhase section */

/* Begin PBXGroup section */
		0F3AD7461D9A29C4002972B8 = {
			isa = PBXGroup;
			children = (
				0F3AD7511D9A29C4002972B8 /* circFit */,
				0F3AD7501D9A29C4002972B8 /* Products */,
			);
			sourceTree = "<group>";
		};
		0F3AD7501D9A29C4002972B8 /* Products */ = {
			isa = PBXGroup;
			children = (
				0F3AD74F1D9A29C4002972B8 /* circFit.app */,
			);
			name = Products;
			sourceTree = "<group>";
		};
		0F3AD7511D9A29C4002972B8 /* circFit */ = {
			isa = PBXGroup;
			children = (
				0F7072471DAC3EB6007B1ECA /* Storyboards */,
				0F3AD7711DA44A19002972B8 /* Constants */,
				0F3AD76E1D9B3C92002972B8 /* Models */,
				0F3AD7691D9B2A0D002972B8 /* Views */,
				0F3AD7641D9AE6CA002972B8 /* View Controllers */,
				0F3AD7521D9A29C4002972B8 /* AppDelegate.swift */,
				0F3AD7591D9A29C5002972B8 /* Assets.xcassets */,
				0F3AD75B1D9A29C5002972B8 /* LaunchScreen.storyboard */,
				0F3AD75E1D9A29C5002972B8 /* Info.plist */,
			);
			path = circFit;
			sourceTree = "<group>";
		};
		0F3AD7641D9AE6CA002972B8 /* View Controllers */ = {
			isa = PBXGroup;
			children = (
				0F3AD7671D9B2481002972B8 /* CreateCircuitViewController.swift */,
				0F7072431DA725A1007B1ECA /* SavedWorkoutsViewController.swift */,
				0F7072451DA86A88007B1ECA /* SavedWorkoutsNavigationController.swift */,
			);
			name = "View Controllers";
			sourceTree = "<group>";
		};
		0F3AD7691D9B2A0D002972B8 /* Views */ = {
			isa = PBXGroup;
			children = (
				0F3AD76C1D9B2AA2002972B8 /* CircuitCollectionViewCell.swift */,
			);
			name = Views;
			sourceTree = "<group>";
		};
		0F3AD76E1D9B3C92002972B8 /* Models */ = {
			isa = PBXGroup;
			children = (
				0F3AD76F1D9B3CB3002972B8 /* CircuitObject.swift */,
			);
			name = Models;
			sourceTree = "<group>";
		};
		0F3AD7711DA44A19002972B8 /* Constants */ = {
			isa = PBXGroup;
			children = (
				0F3AD7741DA45D0F002972B8 /* Constants.swift */,
			);
			name = Constants;
			sourceTree = "<group>";
		};
		0F7072471DAC3EB6007B1ECA /* Storyboards */ = {
			isa = PBXGroup;
			children = (
				0F3AD7561D9A29C4002972B8 /* Main.storyboard */,
				0F7072481DAC3EDF007B1ECA /* Timer screen.storyboard */,
			);
			name = Storyboards;
			sourceTree = "<group>";
		};
/* End PBXGroup section */

/* Begin PBXNativeTarget section */
		0F3AD74E1D9A29C4002972B8 /* circFit */ = {
			isa = PBXNativeTarget;
			buildConfigurationList = 0F3AD7611D9A29C5002972B8 /* Build configuration list for PBXNativeTarget "circFit" */;
			buildPhases = (
				0F3AD74B1D9A29C4002972B8 /* Sources */,
				0F3AD74C1D9A29C4002972B8 /* Frameworks */,
				0F3AD74D1D9A29C4002972B8 /* Resources */,
			);
			buildRules = (
			);
			dependencies = (
			);
			name = circFit;
			productName = circFit;
			productReference = 0F3AD74F1D9A29C4002972B8 /* circFit.app */;
			productType = "com.apple.product-type.application";
		};
/* End PBXNativeTarget section */

/* Begin PBXProject section */
		0F3AD7471D9A29C4002972B8 /* Project object */ = {
			isa = PBXProject;
			attributes = {
				LastSwiftUpdateCheck = 0730;
				LastUpgradeCheck = 0730;
				ORGANIZATIONNAME = "Ali Riaz";
				TargetAttributes = {
					0F3AD74E1D9A29C4002972B8 = {
						CreatedOnToolsVersion = 7.3.1;
						LastSwiftMigration = 0800;
					};
				};
			};
			buildConfigurationList = 0F3AD74A1D9A29C4002972B8 /* Build configuration list for PBXProject "circFit" */;
			compatibilityVersion = "Xcode 3.2";
			developmentRegion = English;
			hasScannedForEncodings = 0;
			knownRegions = (
				en,
				Base,
			);
			mainGroup = 0F3AD7461D9A29C4002972B8;
			productRefGroup = 0F3AD7501D9A29C4002972B8 /* Products */;
			projectDirPath = "";
			projectRoot = "";
			targets = (
				0F3AD74E1D9A29C4002972B8 /* circFit */,
			);
		};
/* End PBXProject section */

/* Begin PBXResourcesBuildPhase section */
		0F3AD74D1D9A29C4002972B8 /* Resources */ = {
			isa = PBXResourcesBuildPhase;
			buildActionMask = 2147483647;
			files = (
				0F3AD75D1D9A29C5002972B8 /* LaunchScreen.storyboard in Resources */,
				0F3AD75A1D9A29C5002972B8 /* Assets.xcassets in Resources */,
				0F3AD7581D9A29C4002972B8 /* Main.storyboard in Resources */,
				0F7072491DAC3EDF007B1ECA /* Timer screen.storyboard in Resources */,
			);
			runOnlyForDeploymentPostprocessing = 0;
		};
/* End PBXResourcesBuildPhase section */

/* Begin PBXSourcesBuildPhase section */
		0F3AD74B1D9A29C4002972B8 /* Sources */ = {
			isa = PBXSourcesBuildPhase;
			buildActionMask = 2147483647;
			files = (
				0F7072441DA725A1007B1ECA /* SavedWorkoutsViewController.swift in Sources */,
				0F3AD7701D9B3CB3002972B8 /* CircuitObject.swift in Sources */,
				0F3AD7681D9B2481002972B8 /* CreateCircuitViewController.swift in Sources */,
				0F3AD76D1D9B2AA2002972B8 /* CircuitCollectionViewCell.swift in Sources */,
				0F7072461DA86A88007B1ECA /* SavedWorkoutsNavigationController.swift in Sources */,
				0F3AD7531D9A29C4002972B8 /* AppDelegate.swift in Sources */,
				0F3AD7751DA45D0F002972B8 /* Constants.swift in Sources */,
			);
			runOnlyForDeploymentPostprocessing = 0;
		};
/* End PBXSourcesBuildPhase section */

/* Begin PBXVariantGroup section */
		0F3AD7561D9A29C4002972B8 /* Main.storyboard */ = {
			isa = PBXVariantGroup;
			children = (
				0F3AD7571D9A29C4002972B8 /* Base */,
			);
			name = Main.storyboard;
			sourceTree = "<group>";
		};
		0F3AD75B1D9A29C5002972B8 /* LaunchScreen.storyboard */ = {
			isa = PBXVariantGroup;
			children = (
				0F3AD75C1D9A29C5002972B8 /* Base */,
			);
			name = LaunchScreen.storyboard;
			sourceTree = "<group>";
		};
/* End PBXVariantGroup section */

/* Begin XCBuildConfiguration section */
		0F3AD75F1D9A29C5002972B8 /* Debug */ = {
			isa = XCBuildConfiguration;
			buildSettings = {
				ALWAYS_SEARCH_USER_PATHS = NO;
				CLANG_ANALYZER_NONNULL = YES;
				CLANG_CXX_LANGUAGE_STANDARD = "gnu++0x";
				CLANG_CXX_LIBRARY = "libc++";
				CLANG_ENABLE_MODULES = YES;
				CLANG_ENABLE_OBJC_ARC = YES;
				CLANG_WARN_BOOL_CONVERSION = YES;
				CLANG_WARN_CONSTANT_CONVERSION = YES;
				CLANG_WARN_DIRECT_OBJC_ISA_USAGE = YES_ERROR;
				CLANG_WARN_EMPTY_BODY = YES;
				CLANG_WARN_ENUM_CONVERSION = YES;
				CLANG_WARN_INT_CONVERSION = YES;
				CLANG_WARN_OBJC_ROOT_CLASS = YES_ERROR;
				CLANG_WARN_UNREACHABLE_CODE = YES;
				CLANG_WARN__DUPLICATE_METHOD_MATCH = YES;
				"CODE_SIGN_IDENTITY[sdk=iphoneos*]" = "iPhone Developer";
				COPY_PHASE_STRIP = NO;
				DEBUG_INFORMATION_FORMAT = dwarf;
				ENABLE_STRICT_OBJC_MSGSEND = YES;
				ENABLE_TESTABILITY = YES;
				GCC_C_LANGUAGE_STANDARD = gnu99;
				GCC_DYNAMIC_NO_PIC = NO;
				GCC_NO_COMMON_BLOCKS = YES;
				GCC_OPTIMIZATION_LEVEL = 0;
				GCC_PREPROCESSOR_DEFINITIONS = (
					"DEBUG=1",
					"$(inherited)",
				);
				GCC_WARN_64_TO_32_BIT_CONVERSION = YES;
				GCC_WARN_ABOUT_RETURN_TYPE = YES_ERROR;
				GCC_WARN_UNDECLARED_SELECTOR = YES;
				GCC_WARN_UNINITIALIZED_AUTOS = YES_AGGRESSIVE;
				GCC_WARN_UNUSED_FUNCTION = YES;
				GCC_WARN_UNUSED_VARIABLE = YES;
				IPHONEOS_DEPLOYMENT_TARGET = 9.3;
				MTL_ENABLE_DEBUG_INFO = YES;
				ONLY_ACTIVE_ARCH = YES;
				SDKROOT = iphoneos;
				SWIFT_OPTIMIZATION_LEVEL = "-Onone";
			};
			name = Debug;
		};
		0F3AD7601D9A29C5002972B8 /* Release */ = {
			isa = XCBuildConfiguration;
			buildSettings = {
				ALWAYS_SEARCH_USER_PATHS = NO;
				CLANG_ANALYZER_NONNULL = YES;
				CLANG_CXX_LANGUAGE_STANDARD = "gnu++0x";
				CLANG_CXX_LIBRARY = "libc++";
				CLANG_ENABLE_MODULES = YES;
				CLANG_ENABLE_OBJC_ARC = YES;
				CLANG_WARN_BOOL_CONVERSION = YES;
				CLANG_WARN_CONSTANT_CONVERSION = YES;
				CLANG_WARN_DIRECT_OBJC_ISA_USAGE = YES_ERROR;
				CLANG_WARN_EMPTY_BODY = YES;
				CLANG_WARN_ENUM_CONVERSION = YES;
				CLANG_WARN_INT_CONVERSION = YES;
				CLANG_WARN_OBJC_ROOT_CLASS = YES_ERROR;
				CLANG_WARN_UNREACHABLE_CODE = YES;
				CLANG_WARN__DUPLICATE_METHOD_MATCH = YES;
				"CODE_SIGN_IDENTITY[sdk=iphoneos*]" = "iPhone Developer";
				COPY_PHASE_STRIP = NO;
				DEBUG_INFORMATION_FORMAT = "dwarf-with-dsym";
				ENABLE_NS_ASSERTIONS = NO;
				ENABLE_STRICT_OBJC_MSGSEND = YES;
				GCC_C_LANGUAGE_STANDARD = gnu99;
				GCC_NO_COMMON_BLOCKS = YES;
				GCC_WARN_64_TO_32_BIT_CONVERSION = YES;
				GCC_WARN_ABOUT_RETURN_TYPE = YES_ERROR;
				GCC_WARN_UNDECLARED_SELECTOR = YES;
				GCC_WARN_UNINITIALIZED_AUTOS = YES_AGGRESSIVE;
				GCC_WARN_UNUSED_FUNCTION = YES;
				GCC_WARN_UNUSED_VARIABLE = YES;
				IPHONEOS_DEPLOYMENT_TARGET = 9.3;
				MTL_ENABLE_DEBUG_INFO = NO;
				SDKROOT = iphoneos;
				VALIDATE_PRODUCT = YES;
			};
			name = Release;
		};
		0F3AD7621D9A29C5002972B8 /* Debug */ = {
			isa = XCBuildConfiguration;
			buildSettings = {
				ASSETCATALOG_COMPILER_APPICON_NAME = AppIcon;
				INFOPLIST_FILE = circFit/Info.plist;
				LD_RUNPATH_SEARCH_PATHS = "$(inherited) @executable_path/Frameworks";
				PRODUCT_BUNDLE_IDENTIFIER = ariaz.circFit;
				PRODUCT_NAME = "$(TARGET_NAME)";
				SWIFT_VERSION = 3.0;
			};
			name = Debug;
		};
		0F3AD7631D9A29C5002972B8 /* Release */ = {
			isa = XCBuildConfiguration;
			buildSettings = {
				ASSETCATALOG_COMPILER_APPICON_NAME = AppIcon;
				INFOPLIST_FILE = circFit/Info.plist;
				LD_RUNPATH_SEARCH_PATHS = "$(inherited) @executable_path/Frameworks";
				PRODUCT_BUNDLE_IDENTIFIER = ariaz.circFit;
				PRODUCT_NAME = "$(TARGET_NAME)";
				SWIFT_VERSION = 3.0;
			};
			name = Release;
		};
/* End XCBuildConfiguration section */

/* Begin XCConfigurationList section */
		0F3AD74A1D9A29C4002972B8 /* Build configuration list for PBXProject "circFit" */ = {
			isa = XCConfigurationList;
			buildConfigurations = (
				0F3AD75F1D9A29C5002972B8 /* Debug */,
				0F3AD7601D9A29C5002972B8 /* Release */,
			);
			defaultConfigurationIsVisible = 0;
			defaultConfigurationName = Release;
		};
		0F3AD7611D9A29C5002972B8 /* Build configuration list for PBXNativeTarget "circFit" */ = {
			isa = XCConfigurationList;
			buildConfigurations = (
				0F3AD7621D9A29C5002972B8 /* Debug */,
				0F3AD7631D9A29C5002972B8 /* Release */,
			);
			defaultConfigurationIsVisible = 0;
			defaultConfigurationName = Release;
		};
/* End XCConfigurationList section */
	};
	rootObject = 0F3AD7471D9A29C4002972B8 /* Project object */;
}
